
Microsoft Visual Studio Solution File, Format Version 12.00
# Visual Studio Version 17
VisualStudioVersion = 17.4.33213.308
MinimumVisualStudioVersion = 10.0.40219.1
Project("{FAE04EC0-301F-11D3-BF4B-00C04F79EFBC}") = "Versall", "Versall\Versall.csproj", "{08C7ED1A-6A73-40EE-88B5-D3B82788E383}"
EndProject
Global
	GlobalSection(SolutionConfigurationPlatforms) = preSolution
		Debug|Any CPU = Debug|Any CPU
		Release|Any CPU = Release|Any CPU
	EndGlobalSection
	GlobalSection(ProjectConfigurationPlatforms) = postSolution
		{08C7ED1A-6A73-40EE-88B5-D3B82788E383}.Debug|Any CPU.ActiveCfg = Debug|Any CPU
		{08C7ED1A-6A73-40EE-88B5-D3B82788E383}.Debug|Any CPU.Build.0 = Debug|Any CPU
		{08C7ED1A-6A73-40EE-88B5-D3B82788E383}.Release|Any CPU.ActiveCfg = Release|Any CPU
		{08C7ED1A-6A73-40EE-88B5-D3B82788E383}.Release|Any CPU.Build.0 = Release|Any CPU
	EndGlobalSection
	GlobalSection(SolutionProperties) = preSolution
		HideSolutionNode = FALSE
	EndGlobalSection
	GlobalSection(ExtensibilityGlobals) = postSolution
		SolutionGuid = {0F40C7E9-DC76-452F-B6D5-D3182F552F64}
	EndGlobalSection
EndGlobal
